
Microsoft Visual Studio Solution File, Format Version 12.00
# Visual Studio Version 17
VisualStudioVersion = 17.3.32901.215
MinimumVisualStudioVersion = 10.0.40219.1
Project("{FAE04EC0-301F-11D3-BF4B-00C04F79EFBC}") = "DeleteGlasn", "DeleteGlasn\DeleteGlasn.csproj", "{297AF523-DAAE-490E-8CCB-D73720957216}"
EndProject
Global
	GlobalSection(SolutionConfigurationPlatforms) = preSolution
		Debug|Any CPU = Debug|Any CPU
		Release|Any CPU = Release|Any CPU
	EndGlobalSection
	GlobalSection(ProjectConfigurationPlatforms) = postSolution
		{297AF523-DAAE-490E-8CCB-D73720957216}.Debug|Any CPU.ActiveCfg = Debug|Any CPU
		{297AF523-DAAE-490E-8CCB-D73720957216}.Debug|Any CPU.Build.0 = Debug|Any CPU
		{297AF523-DAAE-490E-8CCB-D73720957216}.Release|Any CPU.ActiveCfg = Release|Any CPU
		{297AF523-DAAE-490E-8CCB-D73720957216}.Release|Any CPU.Build.0 = Release|Any CPU
	EndGlobalSection
	GlobalSection(SolutionProperties) = preSolution
		HideSolutionNode = FALSE
	EndGlobalSection
	GlobalSection(ExtensibilityGlobals) = postSolution
		SolutionGuid = {4E74EC8D-397B-44EC-8991-949F56D159CD}
	EndGlobalSection
EndGlobal
